dependencies:
- name: opensearch
  repository: https://opensearch-project.github.io/helm-charts/
  version: 3.3.0
- name: opentelemetry-collector
  repository: https://open-telemetry.github.io/opentelemetry-helm-charts
  version: 0.140.0
digest: sha256:b23203e9d12f22cb3ee2b2567da712a6f7d11e10ca79af1bc9f041f48ffb04cb
generated: "2026-02-13T13:19:57.697783+05:30"
